
Microsoft Visual Studio Solution File, Format Version 12.00
# Visual Studio Version 17
VisualStudioVersion = 17.9.34714.143
MinimumVisualStudioVersion = 10.0.40219.1
Project("{FAE04EC0-301F-11D3-BF4B-00C04F79EFBC}") = "WebApp", "WebApp\WebApp.csproj", "{D36C9CE9-1911-4ECA-B498-D19E1E9F8B7D}"
EndProject
Global
	GlobalSection(SolutionConfigurationPlatforms) = preSolution
		Debug|Any CPU = Debug|Any CPU
		Release|Any CPU = Release|Any CPU
	EndGlobalSection
	GlobalSection(ProjectConfigurationPlatforms) = postSolution
		{D36C9CE9-1911-4ECA-B498-D19E1E9F8B7D}.Debug|Any CPU.ActiveCfg = Debug|Any CPU
		{D36C9CE9-1911-4ECA-B498-D19E1E9F8B7D}.Debug|Any CPU.Build.0 = Debug|Any CPU
		{D36C9CE9-1911-4ECA-B498-D19E1E9F8B7D}.Release|Any CPU.ActiveCfg = Release|Any CPU
		{D36C9CE9-1911-4ECA-B498-D19E1E9F8B7D}.Release|Any CPU.Build.0 = Release|Any CPU
	EndGlobalSection
	GlobalSection(SolutionProperties) = preSolution
		HideSolutionNode = FALSE
	EndGlobalSection
	GlobalSection(ExtensibilityGlobals) = postSolution
		SolutionGuid = {1D455473-6E99-40B5-8480-CF6BC15D54B2}
	EndGlobalSection
EndGlobal
